// !$*UTF8*$!
{
	archiveVersion = 1;
	classes = {
	};
	objectVersion = 46;
	objects = {

/* Begin PBXBuildFile section */
		8E2C045D1A15951E0086103A /* CFNetwork.framework in Frameworks */ = {isa = PBXBuildFile; fileRef = 8E2C045C1A15951E0086103A /* CFNetwork.framework */; };
		8E2C045F1A1595400086103A /* CoreFoundation.framework in Frameworks */ = {isa = PBXBuildFile; fileRef = 8E2C045E1A1595400086103A /* CoreFoundation.framework */; };
		8E2C04611A1595520086103A /* libz.dylib in Frameworks */ = {isa = PBXBuildFile; fileRef = 8E2C04601A1595520086103A /* libz.dylib */; };
		8E2C046B1A15ACF00086103A /* NaviView.m in Sources */ = {isa = PBXBuildFile; fileRef = 8E2C046A1A15ACF00086103A /* NaviView.m */; };
		8E3B58F01A19A44500243DEA /* JNaviViewController.m in Sources */ = {isa = PBXBuildFile; fileRef = 8E3B58EF1A19A44500243DEA /* JNaviViewController.m */; };
		8E57C0151A12FFC8000455DA /* ForgetPswViewController.m in Sources */ = {isa = PBXBuildFile; fileRef = 8E57C0101A12FFC8000455DA /* ForgetPswViewController.m */; };
		8E57C0161A12FFC8000455DA /* LoginViewController.m in Sources */ = {isa = PBXBuildFile; fileRef = 8E57C0121A12FFC8000455DA /* LoginViewController.m */; };
		8E57C0171A12FFC8000455DA /* RegisterViewController.m in Sources */ = {isa = PBXBuildFile; fileRef = 8E57C0141A12FFC8000455DA /* RegisterViewController.m */; };
		8E57C01A1A130035000455DA /* PicsManageScrollView.m in Sources */ = {isa = PBXBuildFile; fileRef = 8E57C0191A130035000455DA /* PicsManageScrollView.m */; };
		8E57C01D1A13009D000455DA /* SMPageControl.m in Sources */ = {isa = PBXBuildFile; fileRef = 8E57C01C1A13009D000455DA /* SMPageControl.m */; };
		8E57C0201A1300D5000455DA /* UIImage+Size.m in Sources */ = {isa = PBXBuildFile; fileRef = 8E57C01F1A1300D5000455DA /* UIImage+Size.m */; };
		8E57C0231A133B36000455DA /* ServiceListViewController.m in Sources */ = {isa = PBXBuildFile; fileRef = 8E57C0221A133B36000455DA /* ServiceListViewController.m */; };
		8E57C0261A13447C000455DA /* ServiceListItemCell.m in Sources */ = {isa = PBXBuildFile; fileRef = 8E57C0251A13447C000455DA /* ServiceListItemCell.m */; };
		8E6256A71A08A12100AC79B7 /* main.m in Sources */ = {isa = PBXBuildFile; fileRef = 8E6256A61A08A12100AC79B7 /* main.m */; };
		8E6256AA1A08A12100AC79B7 /* AppDelegate.m in Sources */ = {isa = PBXBuildFile; fileRef = 8E6256A91A08A12100AC79B7 /* AppDelegate.m */; };
		8E6256AD1A08A12100AC79B7 /* ViewController.m in Sources */ = {isa = PBXBuildFile; fileRef = 8E6256AC1A08A12100AC79B7 /* ViewController.m */; };
		8E6256B01A08A12100AC79B7 /* Main.storyboard in Resources */ = {isa = PBXBuildFile; fileRef = 8E6256AE1A08A12100AC79B7 /* Main.storyboard */; };
		8E6256B21A08A12100AC79B7 /* Images.xcassets in Resources */ = {isa = PBXBuildFile; fileRef = 8E6256B11A08A12100AC79B7 /* Images.xcassets */; };
		8E6256B51A08A12100AC79B7 /* LaunchScreen.xib in Resources */ = {isa = PBXBuildFile; fileRef = 8E6256B31A08A12100AC79B7 /* LaunchScreen.xib */; };
		8E6257461A08A24B00AC79B7 /* NSData+Base64.m in Sources */ = {isa = PBXBuildFile; fileRef = 8E6256EA1A08A24B00AC79B7 /* NSData+Base64.m */; settings = {COMPILER_FLAGS = "-fno-objc-arc"; }; };
		8E6257471A08A24B00AC79B7 /* NSData+UTF_8.m in Sources */ = {isa = PBXBuildFile; fileRef = 8E6256EC1A08A24B00AC79B7 /* NSData+UTF_8.m */; };
		8E6257481A08A24B00AC79B7 /* NSObject+PGPerformSelectorOnMainThreadWithThreeObjects.m in Sources */ = {isa = PBXBuildFile; fileRef = 8E6256EE1A08A24B00AC79B7 /* NSObject+PGPerformSelectorOnMainThreadWithThreeObjects.m */; };
		8E6257491A08A24B00AC79B7 /* NSString+Base64.m in Sources */ = {isa = PBXBuildFile; fileRef = 8E6256F01A08A24B00AC79B7 /* NSString+Base64.m */; settings = {COMPILER_FLAGS = "-fno-objc-arc"; }; };
		8E62574A1A08A24B00AC79B7 /* Toast+UIView.m in Sources */ = {isa = PBXBuildFile; fileRef = 8E6256F21A08A24B00AC79B7 /* Toast+UIView.m */; };
		8E62574B1A08A24B00AC79B7 /* UIDevice-Hardware.m in Sources */ = {isa = PBXBuildFile; fileRef = 8E6256F41A08A24B00AC79B7 /* UIDevice-Hardware.m */; };
		8E62574C1A08A24B00AC79B7 /* UIView+SuperView.m in Sources */ = {isa = PBXBuildFile; fileRef = 8E6256F61A08A24B00AC79B7 /* UIView+SuperView.m */; };
		8E62574D1A08A24B00AC79B7 /* XCommon.m in Sources */ = {isa = PBXBuildFile; fileRef = 8E6256F81A08A24B00AC79B7 /* XCommon.m */; settings = {COMPILER_FLAGS = "-fno-objc-arc"; }; };
		8E62574F1A08A24B00AC79B7 /* FMDatabase.m in Sources */ = {isa = PBXBuildFile; fileRef = 8E6256FE1A08A24B00AC79B7 /* FMDatabase.m */; };
		8E6257501A08A24B00AC79B7 /* FMDatabaseAdditions.m in Sources */ = {isa = PBXBuildFile; fileRef = 8E6257001A08A24B00AC79B7 /* FMDatabaseAdditions.m */; };
		8E6257511A08A24B00AC79B7 /* FMDatabasePool.m in Sources */ = {isa = PBXBuildFile; fileRef = 8E6257021A08A24B00AC79B7 /* FMDatabasePool.m */; };
		8E6257521A08A24B00AC79B7 /* FMDatabaseQueue.m in Sources */ = {isa = PBXBuildFile; fileRef = 8E6257041A08A24B00AC79B7 /* FMDatabaseQueue.m */; };
		8E6257531A08A24B00AC79B7 /* FMResultSet.m in Sources */ = {isa = PBXBuildFile; fileRef = 8E6257071A08A24B00AC79B7 /* FMResultSet.m */; };
		8E6257541A08A24B00AC79B7 /* GuideViewController.m in Sources */ = {isa = PBXBuildFile; fileRef = 8E62570A1A08A24B00AC79B7 /* GuideViewController.m */; settings = {COMPILER_FLAGS = "-fno-objc-arc"; }; };
		8E6257551A08A24B00AC79B7 /* MJRefresh.bundle in Resources */ = {isa = PBXBuildFile; fileRef = 8E62570C1A08A24B00AC79B7 /* MJRefresh.bundle */; };
		8E6257561A08A24B00AC79B7 /* MJRefreshBaseView.m in Sources */ = {isa = PBXBuildFile; fileRef = 8E62570F1A08A24B00AC79B7 /* MJRefreshBaseView.m */; };
		8E6257571A08A24B00AC79B7 /* MJRefreshConst.m in Sources */ = {isa = PBXBuildFile; fileRef = 8E6257111A08A24B00AC79B7 /* MJRefreshConst.m */; settings = {COMPILER_FLAGS = "-fno-objc-arc"; }; };
		8E6257581A08A24B00AC79B7 /* MJRefreshFooterView.m in Sources */ = {isa = PBXBuildFile; fileRef = 8E6257131A08A24B00AC79B7 /* MJRefreshFooterView.m */; settings = {COMPILER_FLAGS = "-fno-objc-arc"; }; };
		8E6257591A08A24B00AC79B7 /* MJRefreshHeaderView.m in Sources */ = {isa = PBXBuildFile; fileRef = 8E6257151A08A24B00AC79B7 /* MJRefreshHeaderView.m */; };
		8E62575A1A08A24B00AC79B7 /* UIScrollView+Extension.m in Sources */ = {isa = PBXBuildFile; fileRef = 8E6257171A08A24B00AC79B7 /* UIScrollView+Extension.m */; };
		8E62575B1A08A24B00AC79B7 /* UIScrollView+MJRefresh.m in Sources */ = {isa = PBXBuildFile; fileRef = 8E6257191A08A24B00AC79B7 /* UIScrollView+MJRefresh.m */; };
		8E62575C1A08A24B00AC79B7 /* UIView+Extension.m in Sources */ = {isa = PBXBuildFile; fileRef = 8E62571B1A08A24B00AC79B7 /* UIView+Extension.m */; };
		8E62575D1A08A24B00AC79B7 /* OpenUDID.m in Sources */ = {isa = PBXBuildFile; fileRef = 8E62571E1A08A24B00AC79B7 /* OpenUDID.m */; settings = {COMPILER_FLAGS = "-fno-objc-arc"; }; };
		8E62575E1A08A24B00AC79B7 /* MBProgressHUD.m in Sources */ = {isa = PBXBuildFile; fileRef = 8E6257211A08A24B00AC79B7 /* MBProgressHUD.m */; settings = {COMPILER_FLAGS = "-fno-objc-arc"; }; };
		8E62575F1A08A24B00AC79B7 /* MKAnnotationView+WebCache.m in Sources */ = {isa = PBXBuildFile; fileRef = 8E6257241A08A24B00AC79B7 /* MKAnnotationView+WebCache.m */; };
		8E6257601A08A24B00AC79B7 /* SDImageCache.m in Sources */ = {isa = PBXBuildFile; fileRef = 8E6257261A08A24B00AC79B7 /* SDImageCache.m */; };
		8E6257611A08A24B00AC79B7 /* SDWebImageDecoder.m in Sources */ = {isa = PBXBuildFile; fileRef = 8E62572A1A08A24B00AC79B7 /* SDWebImageDecoder.m */; };
		8E6257621A08A24B00AC79B7 /* SDWebImageDownloader.m in Sources */ = {isa = PBXBuildFile; fileRef = 8E62572C1A08A24B00AC79B7 /* SDWebImageDownloader.m */; };
		8E6257631A08A24B00AC79B7 /* SDWebImageManager.m in Sources */ = {isa = PBXBuildFile; fileRef = 8E62572F1A08A24B00AC79B7 /* SDWebImageManager.m */; };
		8E6257641A08A24B00AC79B7 /* SDWebImagePrefetcher.m in Sources */ = {isa = PBXBuildFile; fileRef = 8E6257321A08A24B00AC79B7 /* SDWebImagePrefetcher.m */; };
		8E6257651A08A24B00AC79B7 /* UIButton+WebCache.m in Sources */ = {isa = PBXBuildFile; fileRef = 8E6257341A08A24B00AC79B7 /* UIButton+WebCache.m */; };
		8E6257661A08A24B00AC79B7 /* UIImageView+WebCache.m in Sources */ = {isa = PBXBuildFile; fileRef = 8E6257361A08A24B00AC79B7 /* UIImageView+WebCache.m */; };
		8E6257671A08A24B00AC79B7 /* libMobClickLibrary.a in Frameworks */ = {isa = PBXBuildFile; fileRef = 8E6257381A08A24B00AC79B7 /* libMobClickLibrary.a */; };
		8E6257691A08A61400AC79B7 /* UIKit.framework in Frameworks */ = {isa = PBXBuildFile; fileRef = 8E6257681A08A61400AC79B7 /* UIKit.framework */; };
		8E62576B1A08A69900AC79B7 /* Foundation.framework in Frameworks */ = {isa = PBXBuildFile; fileRef = 8E62576A1A08A69900AC79B7 /* Foundation.framework */; };
		8E62576D1A08A71F00AC79B7 /* CoreGraphics.framework in Frameworks */ = {isa = PBXBuildFile; fileRef = 8E62576C1A08A71F00AC79B7 /* CoreGraphics.framework */; };
		8E7E90201A148B5A003C85AC /* Reachability.m in Sources */ = {isa = PBXBuildFile; fileRef = 8E7E901F1A148B5A003C85AC /* Reachability.m */; settings = {COMPILER_FLAGS = "-fno-objc-arc"; }; };
		8E8D756A1A1484D900C65840 /* ASIAuthenticationDialog.m in Sources */ = {isa = PBXBuildFile; fileRef = 8E8D75521A1484D900C65840 /* ASIAuthenticationDialog.m */; settings = {COMPILER_FLAGS = "-fno-objc-arc"; }; };
		8E8D756B1A1484D900C65840 /* ASIDataCompressor.m in Sources */ = {isa = PBXBuildFile; fileRef = 8E8D75551A1484D900C65840 /* ASIDataCompressor.m */; settings = {COMPILER_FLAGS = "-fno-objc-arc"; }; };
		8E8D756C1A1484D900C65840 /* ASIDataDecompressor.m in Sources */ = {isa = PBXBuildFile; fileRef = 8E8D75571A1484D900C65840 /* ASIDataDecompressor.m */; settings = {COMPILER_FLAGS = "-fno-objc-arc"; }; };
		8E8D756D1A1484D900C65840 /* ASIDownloadCache.m in Sources */ = {isa = PBXBuildFile; fileRef = 8E8D75591A1484D900C65840 /* ASIDownloadCache.m */; settings = {COMPILER_FLAGS = "-fno-objc-arc"; }; };
		8E8D756E1A1484D900C65840 /* ASIFormDataRequest.m in Sources */ = {isa = PBXBuildFile; fileRef = 8E8D755B1A1484D900C65840 /* ASIFormDataRequest.m */; settings = {COMPILER_FLAGS = "-fno-objc-arc"; }; };
		8E8D756F1A1484D900C65840 /* ASIHTTPRequest.m in Sources */ = {isa = PBXBuildFile; fileRef = 8E8D755D1A1484D900C65840 /* ASIHTTPRequest.m */; settings = {COMPILER_FLAGS = "-fno-objc-arc"; }; };
		8E8D75701A1484D900C65840 /* ASIInputStream.m in Sources */ = {isa = PBXBuildFile; fileRef = 8E8D75611A1484D900C65840 /* ASIInputStream.m */; settings = {COMPILER_FLAGS = "-fno-objc-arc"; }; };
		8E8D75711A1484D900C65840 /* ASINetworkQueue.m in Sources */ = {isa = PBXBuildFile; fileRef = 8E8D75631A1484D900C65840 /* ASINetworkQueue.m */; settings = {COMPILER_FLAGS = "-fno-objc-arc"; }; };
		8E8D75721A1484D900C65840 /* ASIWebPageRequest.m in Sources */ = {isa = PBXBuildFile; fileRef = 8E8D75661A1484D900C65840 /* ASIWebPageRequest.m */; settings = {COMPILER_FLAGS = "-fno-objc-arc"; }; };
		8E8D75731A1484D900C65840 /* NetWebServiceRequest.m in Sources */ = {isa = PBXBuildFile; fileRef = 8E8D75691A1484D900C65840 /* NetWebServiceRequest.m */; settings = {COMPILER_FLAGS = "-fno-objc-arc"; }; };
		8E8D75771A14859800C65840 /* SoapXmlParseHelper.m in Sources */ = {isa = PBXBuildFile; fileRef = 8E8D75761A14859800C65840 /* SoapXmlParseHelper.m */; settings = {COMPILER_FLAGS = "-fno-objc-arc"; }; };
		8E8D757B1A14868F00C65840 /* GDataXMLNode.m in Sources */ = {isa = PBXBuildFile; fileRef = 8E8D757A1A14868F00C65840 /* GDataXMLNode.m */; settings = {COMPILER_FLAGS = "-fno-objc-arc"; }; };
		8E8D757D1A1486B200C65840 /* libxml2.dylib in Frameworks */ = {isa = PBXBuildFile; fileRef = 8E8D757C1A1486B200C65840 /* libxml2.dylib */; };
		8E9CDC3F1A08A9B200D78F26 /* JBaseViewController.m in Sources */ = {isa = PBXBuildFile; fileRef = 8E9CDC3E1A08A9B200D78F26 /* JBaseViewController.m */; };
		8E9CDC421A08ADDE00D78F26 /* libsqlite3.dylib in Frameworks */ = {isa = PBXBuildFile; fileRef = 8E9CDC411A08ADDE00D78F26 /* libsqlite3.dylib */; };
		8E9CDC451A09BFD300D78F26 /* HomeViewController.m in Sources */ = {isa = PBXBuildFile; fileRef = 8E9CDC441A09BFD300D78F26 /* HomeViewController.m */; };
		8EF7452F1A0B10DE005B47A8 /* UITextField+LabelAndImage.m in Sources */ = {isa = PBXBuildFile; fileRef = 8EF7452E1A0B10DE005B47A8 /* UITextField+LabelAndImage.m */; };
/* End PBXBuildFile section */

/* Begin PBXFileReference section */
		8E2C045C1A15951E0086103A /* CFNetwork.framework */ = {isa = PBXFileReference; lastKnownFileType = wrapper.framework; name = CFNetwork.framework; path = System/Library/Frameworks/CFNetwork.framework; sourceTree = SDKROOT; };
		8E2C045E1A1595400086103A /* CoreFoundation.framework */ = {isa = PBXFileReference; lastKnownFileType = wrapper.framework; name = CoreFoundation.framework; path = System/Library/Frameworks/CoreFoundation.framework; sourceTree = SDKROOT; };
		8E2C04601A1595520086103A /* libz.dylib */ = {isa = PBXFileReference; lastKnownFileType = "compiled.mach-o.dylib"; name = libz.dylib; path = usr/lib/libz.dylib; sourceTree = SDKROOT; };
		8E2C04691A15ACF00086103A /* NaviView.h */ = {isa = PBXFileReference; fileEncoding = 4; lastKnownFileType = sourcecode.c.h; path = NaviView.h; sourceTree = "<group>"; };
		8E2C046A1A15ACF00086103A /* NaviView.m */ = {isa = PBXFileReference; fileEncoding = 4; lastKnownFileType = sourcecode.c.objc; path = NaviView.m; sourceTree = "<group>"; };
		8E3B58EE1A19A44500243DEA /* JNaviViewController.h */ = {isa = PBXFileReference; fileEncoding = 4; lastKnownFileType = sourcecode.c.h; path = JNaviViewController.h; sourceTree = "<group>"; };
		8E3B58EF1A19A44500243DEA /* JNaviViewController.m */ = {isa = PBXFileReference; fileEncoding = 4; lastKnownFileType = sourcecode.c.objc; path = JNaviViewController.m; sourceTree = "<group>"; };
		8E57C00F1A12FFC8000455DA /* ForgetPswViewController.h */ = {isa = PBXFileReference; fileEncoding = 4; lastKnownFileType = sourcecode.c.h; path = ForgetPswViewController.h; sourceTree = "<group>"; };
		8E57C0101A12FFC8000455DA /* ForgetPswViewController.m */ = {isa = PBXFileReference; fileEncoding = 4; lastKnownFileType = sourcecode.c.objc; path = ForgetPswViewController.m; sourceTree = "<group>"; };
		8E57C0111A12FFC8000455DA /* LoginViewController.h */ = {isa = PBXFileReference; fileEncoding = 4; lastKnownFileType = sourcecode.c.h; path = LoginViewController.h; sourceTree = "<group>"; };
		8E57C0121A12FFC8000455DA /* LoginViewController.m */ = {isa = PBXFileReference; fileEncoding = 4; lastKnownFileType = sourcecode.c.objc; path = LoginViewController.m; sourceTree = "<group>"; };
		8E57C0131A12FFC8000455DA /* RegisterViewController.h */ = {isa = PBXFileReference; fileEncoding = 4; lastKnownFileType = sourcecode.c.h; path = RegisterViewController.h; sourceTree = "<group>"; };
		8E57C0141A12FFC8000455DA /* RegisterViewController.m */ = {isa = PBXFileReference; fileEncoding = 4; lastKnownFileType = sourcecode.c.objc; path = RegisterViewController.m; sourceTree = "<group>"; };
		8E57C0181A130035000455DA /* PicsManageScrollView.h */ = {isa = PBXFileReference; fileEncoding = 4; lastKnownFileType = sourcecode.c.h; path = PicsManageScrollView.h; sourceTree = "<group>"; };
		8E57C0191A130035000455DA /* PicsManageScrollView.m */ = {isa = PBXFileReference; fileEncoding = 4; lastKnownFileType = sourcecode.c.objc; path = PicsManageScrollView.m; sourceTree = "<group>"; };
		8E57C01B1A13009D000455DA /* SMPageControl.h */ = {isa = PBXFileReference; fileEncoding = 4; lastKnownFileType = sourcecode.c.h; path = SMPageControl.h; sourceTree = "<group>"; };
		8E57C01C1A13009D000455DA /* SMPageControl.m */ = {isa = PBXFileReference; fileEncoding = 4; lastKnownFileType = sourcecode.c.objc; path = SMPageControl.m; sourceTree = "<group>"; };
		8E57C01E1A1300D5000455DA /* UIImage+Size.h */ = {isa = PBXFileReference; fileEncoding = 4; lastKnownFileType = sourcecode.c.h; path = "UIImage+Size.h"; sourceTree = "<group>"; };
		8E57C01F1A1300D5000455DA /* UIImage+Size.m */ = {isa = PBXFileReference; fileEncoding = 4; lastKnownFileType = sourcecode.c.objc; path = "UIImage+Size.m"; sourceTree = "<group>"; };
		8E57C0211A133B36000455DA /* ServiceListViewController.h */ = {isa = PBXFileReference; fileEncoding = 4; lastKnownFileType = sourcecode.c.h; path = ServiceListViewController.h; sourceTree = "<group>"; };
		8E57C0221A133B36000455DA /* ServiceListViewController.m */ = {isa = PBXFileReference; fileEncoding = 4; lastKnownFileType = sourcecode.c.objc; path = ServiceListViewController.m; sourceTree = "<group>"; };
		8E57C0241A13447C000455DA /* ServiceListItemCell.h */ = {isa = PBXFileReference; fileEncoding = 4; lastKnownFileType = sourcecode.c.h; path = ServiceListItemCell.h; sourceTree = "<group>"; };
		8E57C0251A13447C000455DA /* ServiceListItemCell.m */ = {isa = PBXFileReference; fileEncoding = 4; lastKnownFileType = sourcecode.c.objc; path = ServiceListItemCell.m; sourceTree = "<group>"; };
		8E6256A11A08A12100AC79B7 /* YuShenPi.app */ = {isa = PBXFileReference; explicitFileType = wrapper.application; includeInIndex = 0; path = YuShenPi.app; sourceTree = BUILT_PRODUCTS_DIR; };
		8E6256A51A08A12100AC79B7 /* Info.plist */ = {isa = PBXFileReference; lastKnownFileType = text.plist.xml; path = Info.plist; sourceTree = "<group>"; };
		8E6256A61A08A12100AC79B7 /* main.m */ = {isa = PBXFileReference; lastKnownFileType = sourcecode.c.objc; path = main.m; sourceTree = "<group>"; };
		8E6256A81A08A12100AC79B7 /* AppDelegate.h */ = {isa = PBXFileReference; lastKnownFileType = sourcecode.c.h; path = AppDelegate.h; sourceTree = "<group>"; };
		8E6256A91A08A12100AC79B7 /* AppDelegate.m */ = {isa = PBXFileReference; lastKnownFileType = sourcecode.c.objc; path = AppDelegate.m; sourceTree = "<group>"; };
		8E6256AB1A08A12100AC79B7 /* ViewController.h */ = {isa = PBXFileReference; lastKnownFileType = sourcecode.c.h; path = ViewController.h; sourceTree = "<group>"; };
		8E6256AC1A08A12100AC79B7 /* ViewController.m */ = {isa = PBXFileReference; lastKnownFileType = sourcecode.c.objc; path = ViewController.m; sourceTree = "<group>"; };
		8E6256AF1A08A12100AC79B7 /* Base */ = {isa = PBXFileReference; lastKnownFileType = file.storyboard; name = Base; path = Base.lproj/Main.storyboard; sourceTree = "<group>"; };
		8E6256B11A08A12100AC79B7 /* Images.xcassets */ = {isa = PBXFileReference; lastKnownFileType = folder.assetcatalog; path = Images.xcassets; sourceTree = "<group>"; };
		8E6256B41A08A12100AC79B7 /* Base */ = {isa = PBXFileReference; lastKnownFileType = file.xib; name = Base; path = Base.lproj/LaunchScreen.xib; sourceTree = "<group>"; };
		8E6256CB1A08A24B00AC79B7 /* GlobalConfig.h */ = {isa = PBXFileReference; fileEncoding = 4; lastKnownFileType = sourcecode.c.h; path = GlobalConfig.h; sourceTree = "<group>"; };
		8E6256CC1A08A24B00AC79B7 /* MarkedWordsConfig.h */ = {isa = PBXFileReference; fileEncoding = 4; lastKnownFileType = sourcecode.c.h; path = MarkedWordsConfig.h; sourceTree = "<group>"; };
		8E6256E91A08A24B00AC79B7 /* NSData+Base64.h */ = {isa = PBXFileReference; fileEncoding = 4; lastKnownFileType = sourcecode.c.h; path = "NSData+Base64.h"; sourceTree = "<group>"; };
		8E6256EA1A08A24B00AC79B7 /* NSData+Base64.m */ = {isa = PBXFileReference; fileEncoding = 4; lastKnownFileType = sourcecode.c.objc; path = "NSData+Base64.m"; sourceTree = "<group>"; };
		8E6256EB1A08A24B00AC79B7 /* NSData+UTF_8.h */ = {isa = PBXFileReference; fileEncoding = 4; lastKnownFileType = sourcecode.c.h; path = "NSData+UTF_8.h"; sourceTree = "<group>"; };
		8E6256EC1A08A24B00AC79B7 /* NSData+UTF_8.m */ = {isa = PBXFileReference; fileEncoding = 4; lastKnownFileType = sourcecode.c.objc; path = "NSData+UTF_8.m"; sourceTree = "<group>"; };
		8E6256ED1A08A24B00AC79B7 /* NSObject+PGPerformSelectorOnMainThreadWithThreeObjects.h */ = {isa = PBXFileReference; fileEncoding = 4; lastKnownFileType = sourcecode.c.h; path = "NSObject+PGPerformSelectorOnMainThreadWithThreeObjects.h"; sourceTree = "<group>"; };
		8E6256EE1A08A24B00AC79B7 /* NSObject+PGPerformSelectorOnMainThreadWithThreeObjects.m */ = {isa = PBXFileReference; fileEncoding = 4; lastKnownFileType = sourcecode.c.objc; path = "NSObject+PGPerformSelectorOnMainThreadWithThreeObjects.m"; sourceTree = "<group>"; };
		8E6256EF1A08A24B00AC79B7 /* NSString+Base64.h */ = {isa = PBXFileReference; fileEncoding = 4; lastKnownFileType = sourcecode.c.h; path = "NSString+Base64.h"; sourceTree = "<group>"; };
		8E6256F01A08A24B00AC79B7 /* NSString+Base64.m */ = {isa = PBXFileReference; fileEncoding = 4; lastKnownFileType = sourcecode.c.objc; path = "NSString+Base64.m"; sourceTree = "<group>"; };
		8E6256F11A08A24B00AC79B7 /* Toast+UIView.h */ = {isa = PBXFileReference; fileEncoding = 4; lastKnownFileType = sourcecode.c.h; path = "Toast+UIView.h"; sourceTree = "<group>"; };
		8E6256F21A08A24B00AC79B7 /* Toast+UIView.m */ = {isa = PBXFileReference; fileEncoding = 4; lastKnownFileType = sourcecode.c.objc; path = "Toast+UIView.m"; sourceTree = "<group>"; };
		8E6256F31A08A24B00AC79B7 /* UIDevice-Hardware.h */ = {isa = PBXFileReference; fileEncoding = 4; lastKnownFileType = sourcecode.c.h; path = "UIDevice-Hardware.h"; sourceTree = "<group>"; };
		8E6256F41A08A24B00AC79B7 /* UIDevice-Hardware.m */ = {isa = PBXFileReference; fileEncoding = 4; lastKnownFileType = sourcecode.c.objc; path = "UIDevice-Hardware.m"; sourceTree = "<group>"; };
		8E6256F51A08A24B00AC79B7 /* UIView+SuperView.h */ = {isa = PBXFileReference; fileEncoding = 4; lastKnownFileType = sourcecode.c.h; path = "UIView+SuperView.h"; sourceTree = "<group>"; };
		8E6256F61A08A24B00AC79B7 /* UIView+SuperView.m */ = {isa = PBXFileReference; fileEncoding = 4; lastKnownFileType = sourcecode.c.objc; path = "UIView+SuperView.m"; sourceTree = "<group>"; };
		8E6256F71A08A24B00AC79B7 /* XCommon.h */ = {isa = PBXFileReference; fileEncoding = 4; lastKnownFileType = sourcecode.c.h; path = XCommon.h; sourceTree = "<group>"; };
		8E6256F81A08A24B00AC79B7 /* XCommon.m */ = {isa = PBXFileReference; fileEncoding = 4; lastKnownFileType = sourcecode.c.objc; path = XCommon.m; sourceTree = "<group>"; };
		8E6256FD1A08A24B00AC79B7 /* FMDatabase.h */ = {isa = PBXFileReference; fileEncoding = 4; lastKnownFileType = sourcecode.c.h; path = FMDatabase.h; sourceTree = "<group>"; };
		8E6256FE1A08A24B00AC79B7 /* FMDatabase.m */ = {isa = PBXFileReference; fileEncoding = 4; lastKnownFileType = sourcecode.c.objc; path = FMDatabase.m; sourceTree = "<group>"; };
		8E6256FF1A08A24B00AC79B7 /* FMDatabaseAdditions.h */ = {isa = PBXFileReference; fileEncoding = 4; lastKnownFileType = sourcecode.c.h; path = FMDatabaseAdditions.h; sourceTree = "<group>"; };
		8E6257001A08A24B00AC79B7 /* FMDatabaseAdditions.m */ = {isa = PBXFileReference; fileEncoding = 4; lastKnownFileType = sourcecode.c.objc; path = FMDatabaseAdditions.m; sourceTree = "<group>"; };
		8E6257011A08A24B00AC79B7 /* FMDatabasePool.h */ = {isa = PBXFileReference; fileEncoding = 4; lastKnownFileType = sourcecode.c.h; path = FMDatabasePool.h; sourceTree = "<group>"; };
		8E6257021A08A24B00AC79B7 /* FMDatabasePool.m */ = {isa = PBXFileReference; fileEncoding = 4; lastKnownFileType = sourcecode.c.objc; path = FMDatabasePool.m; sourceTree = "<group>"; };
		8E6257031A08A24B00AC79B7 /* FMDatabaseQueue.h */ = {isa = PBXFileReference; fileEncoding = 4; lastKnownFileType = sourcecode.c.h; path = FMDatabaseQueue.h; sourceTree = "<group>"; };
		8E6257041A08A24B00AC79B7 /* FMDatabaseQueue.m */ = {isa = PBXFileReference; fileEncoding = 4; lastKnownFileType = sourcecode.c.objc; path = FMDatabaseQueue.m; sourceTree = "<group>"; };
		8E6257051A08A24B00AC79B7 /* FMDB.h */ = {isa = PBXFileReference; fileEncoding = 4; lastKnownFileType = sourcecode.c.h; path = FMDB.h; sourceTree = "<group>"; };
		8E6257061A08A24B00AC79B7 /* FMResultSet.h */ = {isa = PBXFileReference; fileEncoding = 4; lastKnownFileType = sourcecode.c.h; path = FMResultSet.h; sourceTree = "<group>"; };
		8E6257071A08A24B00AC79B7 /* FMResultSet.m */ = {isa = PBXFileReference; fileEncoding = 4; lastKnownFileType = sourcecode.c.objc; path = FMResultSet.m; sourceTree = "<group>"; };
		8E6257091A08A24B00AC79B7 /* GuideViewController.h */ = {isa = PBXFileReference; fileEncoding = 4; lastKnownFileType = sourcecode.c.h; path = GuideViewController.h; sourceTree = "<group>"; };
		8E62570A1A08A24B00AC79B7 /* GuideViewController.m */ = {isa = PBXFileReference; fileEncoding = 4; lastKnownFileType = sourcecode.c.objc; path = GuideViewController.m; sourceTree = "<group>"; };
		8E62570C1A08A24B00AC79B7 /* MJRefresh.bundle */ = {isa = PBXFileReference; lastKnownFileType = "wrapper.plug-in"; path = MJRefresh.bundle; sourceTree = "<group>"; };
		8E62570D1A08A24B00AC79B7 /* MJRefresh.h */ = {isa = PBXFileReference; fileEncoding = 4; lastKnownFileType = sourcecode.c.h; path = MJRefresh.h; sourceTree = "<group>"; };
		8E62570E1A08A24B00AC79B7 /* MJRefreshBaseView.h */ = {isa = PBXFileReference; fileEncoding = 4; lastKnownFileType = sourcecode.c.h; path = MJRefreshBaseView.h; sourceTree = "<group>"; };
		8E62570F1A08A24B00AC79B7 /* MJRefreshBaseView.m */ = {isa = PBXFileReference; fileEncoding = 4; lastKnownFileType = sourcecode.c.objc; path = MJRefreshBaseView.m; sourceTree = "<group>"; };
		8E6257101A08A24B00AC79B7 /* MJRefreshConst.h */ = {isa = PBXFileReference; fileEncoding = 4; lastKnownFileType = sourcecode.c.h; path = MJRefreshConst.h; sourceTree = "<group>"; };
		8E6257111A08A24B00AC79B7 /* MJRefreshConst.m */ = {isa = PBXFileReference; fileEncoding = 4; lastKnownFileType = sourcecode.c.objc; path = MJRefreshConst.m; sourceTree = "<group>"; };
		8E6257121A08A24B00AC79B7 /* MJRefreshFooterView.h */ = {isa = PBXFileReference; fileEncoding = 4; lastKnownFileType = sourcecode.c.h; path = MJRefreshFooterView.h; sourceTree = "<group>"; };
		8E6257131A08A24B00AC79B7 /* MJRefreshFooterView.m */ = {isa = PBXFileReference; fileEncoding = 4; lastKnownFileType = sourcecode.c.objc; path = MJRefreshFooterView.m; sourceTree = "<group>"; };
		8E6257141A08A24B00AC79B7 /* MJRefreshHeaderView.h */ = {isa = PBXFileReference; fileEncoding = 4; lastKnownFileType = sourcecode.c.h; path = MJRefreshHeaderView.h; sourceTree = "<group>"; };
		8E6257151A08A24B00AC79B7 /* MJRefreshHeaderView.m */ = {isa = PBXFileReference; fileEncoding = 4; lastKnownFileType = sourcecode.c.objc; path = MJRefreshHeaderView.m; sourceTree = "<group>"; };
		8E6257161A08A24B00AC79B7 /* UIScrollView+Extension.h */ = {isa = PBXFileReference; fileEncoding = 4; lastKnownFileType = sourcecode.c.h; path = "UIScrollView+Extension.h"; sourceTree = "<group>"; };
		8E6257171A08A24B00AC79B7 /* UIScrollView+Extension.m */ = {isa = PBXFileReference; fileEncoding = 4; lastKnownFileType = sourcecode.c.objc; path = "UIScrollView+Extension.m"; sourceTree = "<group>"; };
		8E6257181A08A24B00AC79B7 /* UIScrollView+MJRefresh.h */ = {isa = PBXFileReference; fileEncoding = 4; lastKnownFileType = sourcecode.c.h; path = "UIScrollView+MJRefresh.h"; sourceTree = "<group>"; };
		8E6257191A08A24B00AC79B7 /* UIScrollView+MJRefresh.m */ = {isa = PBXFileReference; fileEncoding = 4; lastKnownFileType = sourcecode.c.objc; path = "UIScrollView+MJRefresh.m"; sourceTree = "<group>"; };
		8E62571A1A08A24B00AC79B7 /* UIView+Extension.h */ = {isa = PBXFileReference; fileEncoding = 4; lastKnownFileType = sourcecode.c.h; path = "UIView+Extension.h"; sourceTree = "<group>"; };
		8E62571B1A08A24B00AC79B7 /* UIView+Extension.m */ = {isa = PBXFileReference; fileEncoding = 4; lastKnownFileType = sourcecode.c.objc; path = "UIView+Extension.m"; sourceTree = "<group>"; };
		8E62571D1A08A24B00AC79B7 /* OpenUDID.h */ = {isa = PBXFileReference; fileEncoding = 4; lastKnownFileType = sourcecode.c.h; path = OpenUDID.h; sourceTree = "<group>"; };
		8E62571E1A08A24B00AC79B7 /* OpenUDID.m */ = {isa = PBXFileReference; fileEncoding = 4; lastKnownFileType = sourcecode.c.objc; path = OpenUDID.m; sourceTree = "<group>"; };
		8E6257201A08A24B00AC79B7 /* MBProgressHUD.h */ = {isa = PBXFileReference; fileEncoding = 4; lastKnownFileType = sourcecode.c.h; path = MBProgressHUD.h; sourceTree = "<group>"; };
		8E6257211A08A24B00AC79B7 /* MBProgressHUD.m */ = {isa = PBXFileReference; fileEncoding = 4; lastKnownFileType = sourcecode.c.objc; path = MBProgressHUD.m; sourceTree = "<group>"; };
		8E6257231A08A24B00AC79B7 /* MKAnnotationView+WebCache.h */ = {isa = PBXFileReference; fileEncoding = 4; lastKnownFileType = sourcecode.c.h; path = "MKAnnotationView+WebCache.h"; sourceTree = "<group>"; };
		8E6257241A08A24B00AC79B7 /* MKAnnotationView+WebCache.m */ = {isa = PBXFileReference; fileEncoding = 4; lastKnownFileType = sourcecode.c.objc; path = "MKAnnotationView+WebCache.m"; sourceTree = "<group>"; };
		8E6257251A08A24B00AC79B7 /* SDImageCache.h */ = {isa = PBXFileReference; fileEncoding = 4; lastKnownFileType = sourcecode.c.h; path = SDImageCache.h; sourceTree = "<group>"; };
		8E6257261A08A24B00AC79B7 /* SDImageCache.m */ = {isa = PBXFileReference; fileEncoding = 4; lastKnownFileType = sourcecode.c.objc; path = SDImageCache.m; sourceTree = "<group>"; };
		8E6257271A08A24B00AC79B7 /* SDImageCacheDelegate.h */ = {isa = PBXFileReference; fileEncoding = 4; lastKnownFileType = sourcecode.c.h; path = SDImageCacheDelegate.h; sourceTree = "<group>"; };
		8E6257281A08A24B00AC79B7 /* SDWebImageCompat.h */ = {isa = PBXFileReference; fileEncoding = 4; lastKnownFileType = sourcecode.c.h; path = SDWebImageCompat.h; sourceTree = "<group>"; };
		8E6257291A08A24B00AC79B7 /* SDWebImageDecoder.h */ = {isa = PBXFileReference; fileEncoding = 4; lastKnownFileType = sourcecode.c.h; path = SDWebImageDecoder.h; sourceTree = "<group>"; };
		8E62572A1A08A24B00AC79B7 /* SDWebImageDecoder.m */ = {isa = PBXFileReference; fileEncoding = 4; lastKnownFileType = sourcecode.c.objc; path = SDWebImageDecoder.m; sourceTree = "<group>"; };
		8E62572B1A08A24B00AC79B7 /* SDWebImageDownloader.h */ = {isa = PBXFileReference; fileEncoding = 4; lastKnownFileType = sourcecode.c.h; path = SDWebImageDownloader.h; sourceTree = "<group>"; };
		8E62572C1A08A24B00AC79B7 /* SDWebImageDownloader.m */ = {isa = PBXFileReference; fileEncoding = 4; lastKnownFileType = sourcecode.c.objc; path = SDWebImageDownloader.m; sourceTree = "<group>"; };
		8E62572D1A08A24B00AC79B7 /* SDWebImageDownloaderDelegate.h */ = {isa = PBXFileReference; fileEncoding = 4; lastKnownFileType = sourcecode.c.h; path = SDWebImageDownloaderDelegate.h; sourceTree = "<group>"; };
		8E62572E1A08A24B00AC79B7 /* SDWebImageManager.h */ = {isa = PBXFileReference; fileEncoding = 4; lastKnownFileType = sourcecode.c.h; path = SDWebImageManager.h; sourceTree = "<group>"; };
		8E62572F1A08A24B00AC79B7 /* SDWebImageManager.m */ = {isa = PBXFileReference; fileEncoding = 4; lastKnownFileType = sourcecode.c.objc; path = SDWebImageManager.m; sourceTree = "<group>"; };
		8E6257301A08A24B00AC79B7 /* SDWebImageManagerDelegate.h */ = {isa = PBXFileReference; fileEncoding = 4; lastKnownFileType = sourcecode.c.h; path = SDWebImageManagerDelegate.h; sourceTree = "<group>"; };
		8E6257311A08A24B00AC79B7 /* SDWebImagePrefetcher.h */ = {isa = PBXFileReference; fileEncoding = 4; lastKnownFileType = sourcecode.c.h; path = SDWebImagePrefetcher.h; sourceTree = "<group>"; };
		8E6257321A08A24B00AC79B7 /* SDWebImagePrefetcher.m */ = {isa = PBXFileReference; fileEncoding = 4; lastKnownFileType = sourcecode.c.objc; path = SDWebImagePrefetcher.m; sourceTree = "<group>"; };
		8E6257331A08A24B00AC79B7 /* UIButton+WebCache.h */ = {isa = PBXFileReference; fileEncoding = 4; lastKnownFileType = sourcecode.c.h; path = "UIButton+WebCache.h"; sourceTree = "<group>"; };
		8E6257341A08A24B00AC79B7 /* UIButton+WebCache.m */ = {isa = PBXFileReference; fileEncoding = 4; lastKnownFileType = sourcecode.c.objc; path = "UIButton+WebCache.m"; sourceTree = "<group>"; };
		8E6257351A08A24B00AC79B7 /* UIImageView+WebCache.h */ = {isa = PBXFileReference; fileEncoding = 4; lastKnownFileType = sourcecode.c.h; path = "UIImageView+WebCache.h"; sourceTree = "<group>"; };
		8E6257361A08A24B00AC79B7 /* UIImageView+WebCache.m */ = {isa = PBXFileReference; fileEncoding = 4; lastKnownFileType = sourcecode.c.objc; path = "UIImageView+WebCache.m"; sourceTree = "<group>"; };
		8E6257381A08A24B00AC79B7 /* libMobClickLibrary.a */ = {isa = PBXFileReference; lastKnownFileType = archive.ar; path = libMobClickLibrary.a; sourceTree = "<group>"; };
		8E6257391A08A24B00AC79B7 /* MobClick.h */ = {isa = PBXFileReference; fileEncoding = 4; lastKnownFileType = sourcecode.c.h; path = MobClick.h; sourceTree = "<group>"; };
		8E6257681A08A61400AC79B7 /* UIKit.framework */ = {isa = PBXFileReference; lastKnownFileType = wrapper.framework; name = UIKit.framework; path = System/Library/Frameworks/UIKit.framework; sourceTree = SDKROOT; };
		8E62576A1A08A69900AC79B7 /* Foundation.framework */ = {isa = PBXFileReference; lastKnownFileType = wrapper.framework; name = Foundation.framework; path = System/Library/Frameworks/Foundation.framework; sourceTree = SDKROOT; };
		8E62576C1A08A71F00AC79B7 /* CoreGraphics.framework */ = {isa = PBXFileReference; lastKnownFileType = wrapper.framework; name = CoreGraphics.framework; path = System/Library/Frameworks/CoreGraphics.framework; sourceTree = SDKROOT; };
		8E7E901E1A148B5A003C85AC /* Reachability.h */ = {isa = PBXFileReference; fileEncoding = 4; lastKnownFileType = sourcecode.c.h; path = Reachability.h; sourceTree = "<group>"; };
		8E7E901F1A148B5A003C85AC /* Reachability.m */ = {isa = PBXFileReference; fileEncoding = 4; lastKnownFileType = sourcecode.c.objc; path = Reachability.m; sourceTree = "<group>"; };
		8E7E90221A148EEF003C85AC /* YuShenPi-Prefix.pch */ = {isa = PBXFileReference; lastKnownFileType = sourcecode.c.h; path = "YuShenPi-Prefix.pch"; sourceTree = "<group>"; };
		8E8D75511A1484D900C65840 /* ASIAuthenticationDialog.h */ = {isa = PBXFileReference; fileEncoding = 4; lastKnownFileType = sourcecode.c.h; path = ASIAuthenticationDialog.h; sourceTree = "<group>"; };
		8E8D75521A1484D900C65840 /* ASIAuthenticationDialog.m */ = {isa = PBXFileReference; fileEncoding = 4; lastKnownFileType = sourcecode.c.objc; path = ASIAuthenticationDialog.m; sourceTree = "<group>"; };
		8E8D75531A1484D900C65840 /* ASICacheDelegate.h */ = {isa = PBXFileReference; fileEncoding = 4; lastKnownFileType = sourcecode.c.h; path = ASICacheDelegate.h; sourceTree = "<group>"; };
		8E8D75541A1484D900C65840 /* ASIDataCompressor.h */ = {isa = PBXFileReference; fileEncoding = 4; lastKnownFileType = sourcecode.c.h; path = ASIDataCompressor.h; sourceTree = "<group>"; };
		8E8D75551A1484D900C65840 /* ASIDataCompressor.m */ = {isa = PBXFileReference; fileEncoding = 4; lastKnownFileType = sourcecode.c.objc; path = ASIDataCompressor.m; sourceTree = "<group>"; };
		8E8D75561A1484D900C65840 /* ASIDataDecompressor.h */ = {isa = PBXFileReference; fileEncoding = 4; lastKnownFileType = sourcecode.c.h; path = ASIDataDecompressor.h; sourceTree = "<group>"; };
		8E8D75571A1484D900C65840 /* ASIDataDecompressor.m */ = {isa = PBXFileReference; fileEncoding = 4; lastKnownFileType = sourcecode.c.objc; path = ASIDataDecompressor.m; sourceTree = "<group>"; };
		8E8D75581A1484D900C65840 /* ASIDownloadCache.h */ = {isa = PBXFileReference; fileEncoding = 4; lastKnownFileType = sourcecode.c.h; path = ASIDownloadCache.h; sourceTree = "<group>"; };
		8E8D75591A1484D900C65840 /* ASIDownloadCache.m */ = {isa = PBXFileReference; fileEncoding = 4; lastKnownFileType = sourcecode.c.objc; path = ASIDownloadCache.m; sourceTree = "<group>"; };
		8E8D755A1A1484D900C65840 /* ASIFormDataRequest.h */ = {isa = PBXFileReference; fileEncoding = 4; lastKnownFileType = sourcecode.c.h; path = ASIFormDataRequest.h; sourceTree = "<group>"; };
		8E8D755B1A1484D900C65840 /* ASIFormDataRequest.m */ = {isa = PBXFileReference; fileEncoding = 4; lastKnownFileType = sourcecode.c.objc; path = ASIFormDataRequest.m; sourceTree = "<group>"; };
		8E8D755C1A1484D900C65840 /* ASIHTTPRequest.h */ = {isa = PBXFileReference; fileEncoding = 4; lastKnownFileType = sourcecode.c.h; path = ASIHTTPRequest.h; sourceTree = "<group>"; };
		8E8D755D1A1484D900C65840 /* ASIHTTPRequest.m */ = {isa = PBXFileReference; fileEncoding = 4; lastKnownFileType = sourcecode.c.objc; path = ASIHTTPRequest.m; sourceTree = "<group>"; };
		8E8D755E1A1484D900C65840 /* ASIHTTPRequestConfig.h */ = {isa = PBXFileReference; fileEncoding = 4; lastKnownFileType = sourcecode.c.h; path = ASIHTTPRequestConfig.h; sourceTree = "<group>"; };
		8E8D755F1A1484D900C65840 /* ASIHTTPRequestDelegate.h */ = {isa = PBXFileReference; fileEncoding = 4; lastKnownFileType = sourcecode.c.h; path = ASIHTTPRequestDelegate.h; sourceTree = "<group>"; };
		8E8D75601A1484D900C65840 /* ASIInputStream.h */ = {isa = PBXFileReference; fileEncoding = 4; lastKnownFileType = sourcecode.c.h; path = ASIInputStream.h; sourceTree = "<group>"; };
		8E8D75611A1484D900C65840 /* ASIInputStream.m */ = {isa = PBXFileReference; fileEncoding = 4; lastKnownFileType = sourcecode.c.objc; path = ASIInputStream.m; sourceTree = "<group>"; };
		8E8D75621A1484D900C65840 /* ASINetworkQueue.h */ = {isa = PBXFileReference; fileEncoding = 4; lastKnownFileType = sourcecode.c.h; path = ASINetworkQueue.h; sourceTree = "<group>"; };
		8E8D75631A1484D900C65840 /* ASINetworkQueue.m */ = {isa = PBXFileReference; fileEncoding = 4; lastKnownFileType = sourcecode.c.objc; path = ASINetworkQueue.m; sourceTree = "<group>"; };
		8E8D75641A1484D900C65840 /* ASIProgressDelegate.h */ = {isa = PBXFileReference; fileEncoding = 4; lastKnownFileType = sourcecode.c.h; path = ASIProgressDelegate.h; sourceTree = "<group>"; };
		8E8D75651A1484D900C65840 /* ASIWebPageRequest.h */ = {isa = PBXFileReference; fileEncoding = 4; lastKnownFileType = sourcecode.c.h; path = ASIWebPageRequest.h; sourceTree = "<group>"; };
		8E8D75661A1484D900C65840 /* ASIWebPageRequest.m */ = {isa = PBXFileReference; fileEncoding = 4; lastKnownFileType = sourcecode.c.objc; path = ASIWebPageRequest.m; sourceTree = "<group>"; };
		8E8D75681A1484D900C65840 /* NetWebServiceRequest.h */ = {isa = PBXFileReference; fileEncoding = 4; lastKnownFileType = sourcecode.c.h; path = NetWebServiceRequest.h; sourceTree = "<group>"; };
		8E8D75691A1484D900C65840 /* NetWebServiceRequest.m */ = {isa = PBXFileReference; fileEncoding = 4; lastKnownFileType = sourcecode.c.objc; path = NetWebServiceRequest.m; sourceTree = "<group>"; };
		8E8D75751A14859800C65840 /* SoapXmlParseHelper.h */ = {isa = PBXFileReference; fileEncoding = 4; lastKnownFileType = sourcecode.c.h; path = SoapXmlParseHelper.h; sourceTree = "<group>"; };
		8E8D75761A14859800C65840 /* SoapXmlParseHelper.m */ = {isa = PBXFileReference; fileEncoding = 4; lastKnownFileType = sourcecode.c.objc; path = SoapXmlParseHelper.m; sourceTree = "<group>"; };
		8E8D75791A14868F00C65840 /* GDataXMLNode.h */ = {isa = PBXFileReference; fileEncoding = 4; lastKnownFileType = sourcecode.c.h; path = GDataXMLNode.h; sourceTree = "<group>"; };
		8E8D757A1A14868F00C65840 /* GDataXMLNode.m */ = {isa = PBXFileReference; fileEncoding = 4; lastKnownFileType = sourcecode.c.objc; path = GDataXMLNode.m; sourceTree = "<group>"; };
		8E8D757C1A1486B200C65840 /* libxml2.dylib */ = {isa = PBXFileReference; lastKnownFileType = "compiled.mach-o.dylib"; name = libxml2.dylib; path = usr/lib/libxml2.dylib; sourceTree = SDKROOT; };
		8E9CDC3D1A08A9B200D78F26 /* JBaseViewController.h */ = {isa = PBXFileReference; fileEncoding = 4; lastKnownFileType = sourcecode.c.h; path = JBaseViewController.h; sourceTree = "<group>"; };
		8E9CDC3E1A08A9B200D78F26 /* JBaseViewController.m */ = {isa = PBXFileReference; fileEncoding = 4; lastKnownFileType = sourcecode.c.objc; path = JBaseViewController.m; sourceTree = "<group>"; };
		8E9CDC411A08ADDE00D78F26 /* libsqlite3.dylib */ = {isa = PBXFileReference; lastKnownFileType = "compiled.mach-o.dylib"; name = libsqlite3.dylib; path = usr/lib/libsqlite3.dylib; sourceTree = SDKROOT; };
		8E9CDC431A09BFD300D78F26 /* HomeViewController.h */ = {isa = PBXFileReference; fileEncoding = 4; lastKnownFileType = sourcecode.c.h; path = HomeViewController.h; sourceTree = "<group>"; };
		8E9CDC441A09BFD300D78F26 /* HomeViewController.m */ = {isa = PBXFileReference; fileEncoding = 4; lastKnownFileType = sourcecode.c.objc; path = HomeViewController.m; sourceTree = "<group>"; };
		8EF7452D1A0B10DE005B47A8 /* UITextField+LabelAndImage.h */ = {isa = PBXFileReference; fileEncoding = 4; lastKnownFileType = sourcecode.c.h; path = "UITextField+LabelAndImage.h"; sourceTree = "<group>"; };
		8EF7452E1A0B10DE005B47A8 /* UITextField+LabelAndImage.m */ = {isa = PBXFileReference; fileEncoding = 4; lastKnownFileType = sourcecode.c.objc; path = "UITextField+LabelAndImage.m"; sourceTree = "<group>"; };
/* End PBXFileReference section */

/* Begin PBXFrameworksBuildPhase section */
		8E62569E1A08A12100AC79B7 /* Frameworks */ = {
			isa = PBXFrameworksBuildPhase;
			buildActionMask = 2147483647;
			files = (
				8E2C04611A1595520086103A /* libz.dylib in Frameworks */,
				8E2C045F1A1595400086103A /* CoreFoundation.framework in Frameworks */,
				8E2C045D1A15951E0086103A /* CFNetwork.framework in Frameworks */,
				8E8D757D1A1486B200C65840 /* libxml2.dylib in Frameworks */,
				8E9CDC421A08ADDE00D78F26 /* libsqlite3.dylib in Frameworks */,
				8E62576D1A08A71F00AC79B7 /* CoreGraphics.framework in Frameworks */,
				8E62576B1A08A69900AC79B7 /* Foundation.framework in Frameworks */,
				8E6257691A08A61400AC79B7 /* UIKit.framework in Frameworks */,
				8E6257671A08A24B00AC79B7 /* libMobClickLibrary.a in Frameworks */,
			);
			runOnlyForDeploymentPostprocessing = 0;
		};
/* End PBXFrameworksBuildPhase section */

/* Begin PBXGroup section */
		8E2C04681A15ACB90086103A /* NaviView */ = {
			isa = PBXGroup;
			children = (
				8E2C04691A15ACF00086103A /* NaviView.h */,
				8E2C046A1A15ACF00086103A /* NaviView.m */,
			);
			name = NaviView;
			sourceTree = "<group>";
		};
		8E6256981A08A12100AC79B7 = {
			isa = PBXGroup;
			children = (
				8E7E90221A148EEF003C85AC /* YuShenPi-Prefix.pch */,
				8E6256A31A08A12100AC79B7 /* YuShenPi */,
				8E6256A21A08A12100AC79B7 /* Products */,
				8E9CDC401A08ABC100D78F26 /* Frameworks */,
			);
			sourceTree = "<group>";
		};
		8E6256A21A08A12100AC79B7 /* Products */ = {
			isa = PBXGroup;
			children = (
				8E6256A11A08A12100AC79B7 /* YuShenPi.app */,
			);
			name = Products;
			sourceTree = "<group>";
		};
		8E6256A31A08A12100AC79B7 /* YuShenPi */ = {
			isa = PBXGroup;
			children = (
				8E9CDC3C1A08A9B200D78F26 /* ViewController */,
				8E6256CA1A08A24B00AC79B7 /* GlobalInfo */,
				8E6256CD1A08A24B00AC79B7 /* Lib */,
				8E6256A81A08A12100AC79B7 /* AppDelegate.h */,
				8E6256A91A08A12100AC79B7 /* AppDelegate.m */,
				8E6256AB1A08A12100AC79B7 /* ViewController.h */,
				8E6256AC1A08A12100AC79B7 /* ViewController.m */,
				8E6256AE1A08A12100AC79B7 /* Main.storyboard */,
				8E6256B11A08A12100AC79B7 /* Images.xcassets */,
				8E6256B31A08A12100AC79B7 /* LaunchScreen.xib */,
				8E6256A41A08A12100AC79B7 /* Supporting Files */,
			);
			path = YuShenPi;
			sourceTree = "<group>";
		};
		8E6256A41A08A12100AC79B7 /* Supporting Files */ = {
			isa = PBXGroup;
			children = (
				8E6256A51A08A12100AC79B7 /* Info.plist */,
				8E6256A61A08A12100AC79B7 /* main.m */,
			);
			name = "Supporting Files";
			sourceTree = "<group>";
		};
		8E6256CA1A08A24B00AC79B7 /* GlobalInfo */ = {
			isa = PBXGroup;
			children = (
				8E6256CB1A08A24B00AC79B7 /* GlobalConfig.h */,
				8E6256CC1A08A24B00AC79B7 /* MarkedWordsConfig.h */,
			);
			path = GlobalInfo;
			sourceTree = "<group>";
		};
		8E6256CD1A08A24B00AC79B7 /* Lib */ = {
			isa = PBXGroup;
			children = (
				8E7E901D1A148B5A003C85AC /* Reachability */,
				8E8D75781A14868F00C65840 /* GDataXMLNode */,
				8E8D75741A14859800C65840 /* XmlParse */,
				8E8D75501A1484D900C65840 /* ASIHttpRequest */,
				8E6256E81A08A24B00AC79B7 /* Common */,
				8E6256FC1A08A24B00AC79B7 /* FMDB */,
				8E6257081A08A24B00AC79B7 /* GuidePage */,
				8E62570B1A08A24B00AC79B7 /* MJRefresh */,
				8E62571C1A08A24B00AC79B7 /* OpenUDID */,
				8E62571F1A08A24B00AC79B7 /* ProgressHUD */,
				8E6257221A08A24B00AC79B7 /* SDWebImage */,
				8E6257371A08A24B00AC79B7 /* UMeng */,
			);
			path = Lib;
			sourceTree = "<group>";
		};
		8E6256E81A08A24B00AC79B7 /* Common */ = {
			isa = PBXGroup;
			children = (
				8E57C01E1A1300D5000455DA /* UIImage+Size.h */,
				8E57C01F1A1300D5000455DA /* UIImage+Size.m */,
				8E6256E91A08A24B00AC79B7 /* NSData+Base64.h */,
				8E6256EA1A08A24B00AC79B7 /* NSData+Base64.m */,
				8E6256EB1A08A24B00AC79B7 /* NSData+UTF_8.h */,
				8E6256EC1A08A24B00AC79B7 /* NSData+UTF_8.m */,
				8E6256ED1A08A24B00AC79B7 /* NSObject+PGPerformSelectorOnMainThreadWithThreeObjects.h */,
				8E6256EE1A08A24B00AC79B7 /* NSObject+PGPerformSelectorOnMainThreadWithThreeObjects.m */,
				8E6256EF1A08A24B00AC79B7 /* NSString+Base64.h */,
				8E6256F01A08A24B00AC79B7 /* NSString+Base64.m */,
				8E6256F11A08A24B00AC79B7 /* Toast+UIView.h */,
				8E6256F21A08A24B00AC79B7 /* Toast+UIView.m */,
				8E6256F31A08A24B00AC79B7 /* UIDevice-Hardware.h */,
				8E6256F41A08A24B00AC79B7 /* UIDevice-Hardware.m */,
				8E6256F51A08A24B00AC79B7 /* UIView+SuperView.h */,
				8E6256F61A08A24B00AC79B7 /* UIView+SuperView.m */,
				8E6256F71A08A24B00AC79B7 /* XCommon.h */,
				8E6256F81A08A24B00AC79B7 /* XCommon.m */,
				8EF7452D1A0B10DE005B47A8 /* UITextField+LabelAndImage.h */,
				8EF7452E1A0B10DE005B47A8 /* UITextField+LabelAndImage.m */,
			);
			path = Common;
			sourceTree = "<group>";
		};
		8E6256FC1A08A24B00AC79B7 /* FMDB */ = {
			isa = PBXGroup;
			children = (
				8E6256FD1A08A24B00AC79B7 /* FMDatabase.h */,
				8E6256FE1A08A24B00AC79B7 /* FMDatabase.m */,
				8E6256FF1A08A24B00AC79B7 /* FMDatabaseAdditions.h */,
				8E6257001A08A24B00AC79B7 /* FMDatabaseAdditions.m */,
				8E6257011A08A24B00AC79B7 /* FMDatabasePool.h */,
				8E6257021A08A24B00AC79B7 /* FMDatabasePool.m */,
				8E6257031A08A24B00AC79B7 /* FMDatabaseQueue.h */,
				8E6257041A08A24B00AC79B7 /* FMDatabaseQueue.m */,
				8E6257051A08A24B00AC79B7 /* FMDB.h */,
				8E6257061A08A24B00AC79B7 /* FMResultSet.h */,
				8E6257071A08A24B00AC79B7 /* FMResultSet.m */,
			);
			path = FMDB;
			sourceTree = "<group>";
		};
		8E6257081A08A24B00AC79B7 /* GuidePage */ = {
			isa = PBXGroup;
			children = (
				8E6257091A08A24B00AC79B7 /* GuideViewController.h */,
				8E62570A1A08A24B00AC79B7 /* GuideViewController.m */,
			);
			path = GuidePage;
			sourceTree = "<group>";
		};
		8E62570B1A08A24B00AC79B7 /* MJRefresh */ = {
			isa = PBXGroup;
			children = (
				8E62570C1A08A24B00AC79B7 /* MJRefresh.bundle */,
				8E62570D1A08A24B00AC79B7 /* MJRefresh.h */,
				8E62570E1A08A24B00AC79B7 /* MJRefreshBaseView.h */,
				8E62570F1A08A24B00AC79B7 /* MJRefreshBaseView.m */,
				8E6257101A08A24B00AC79B7 /* MJRefreshConst.h */,
				8E6257111A08A24B00AC79B7 /* MJRefreshConst.m */,
				8E6257121A08A24B00AC79B7 /* MJRefreshFooterView.h */,
				8E6257131A08A24B00AC79B7 /* MJRefreshFooterView.m */,
				8E6257141A08A24B00AC79B7 /* MJRefreshHeaderView.h */,
				8E6257151A08A24B00AC79B7 /* MJRefreshHeaderView.m */,
				8E6257161A08A24B00AC79B7 /* UIScrollView+Extension.h */,
				8E6257171A08A24B00AC79B7 /* UIScrollView+Extension.m */,
				8E6257181A08A24B00AC79B7 /* UIScrollView+MJRefresh.h */,
				8E6257191A08A24B00AC79B7 /* UIScrollView+MJRefresh.m */,
				8E62571A1A08A24B00AC79B7 /* UIView+Extension.h */,
				8E62571B1A08A24B00AC79B7 /* UIView+Extension.m */,
			);
			path = MJRefresh;
			sourceTree = "<group>";
		};
		8E62571C1A08A24B00AC79B7 /* OpenUDID */ = {
			isa = PBXGroup;
			children = (
				8E62571D1A08A24B00AC79B7 /* OpenUDID.h */,
				8E62571E1A08A24B00AC79B7 /* OpenUDID.m */,
			);
			path = OpenUDID;
			sourceTree = "<group>";
		};
		8E62571F1A08A24B00AC79B7 /* ProgressHUD */ = {
			isa = PBXGroup;
			children = (
				8E6257201A08A24B00AC79B7 /* MBProgressHUD.h */,
				8E6257211A08A24B00AC79B7 /* MBProgressHUD.m */,
			);
			path = ProgressHUD;
			sourceTree = "<group>";
		};
		8E6257221A08A24B00AC79B7 /* SDWebImage */ = {
			isa = PBXGroup;
			children = (
				8E6257231A08A24B00AC79B7 /* MKAnnotationView+WebCache.h */,
				8E6257241A08A24B00AC79B7 /* MKAnnotationView+WebCache.m */,
				8E6257251A08A24B00AC79B7 /* SDImageCache.h */,
				8E6257261A08A24B00AC79B7 /* SDImageCache.m */,
				8E6257271A08A24B00AC79B7 /* SDImageCacheDelegate.h */,
				8E6257281A08A24B00AC79B7 /* SDWebImageCompat.h */,
				8E6257291A08A24B00AC79B7 /* SDWebImageDecoder.h */,
				8E62572A1A08A24B00AC79B7 /* SDWebImageDecoder.m */,
				8E62572B1A08A24B00AC79B7 /* SDWebImageDownloader.h */,
				8E62572C1A08A24B00AC79B7 /* SDWebImageDownloader.m */,
				8E62572D1A08A24B00AC79B7 /* SDWebImageDownloaderDelegate.h */,
				8E62572E1A08A24B00AC79B7 /* SDWebImageManager.h */,
				8E62572F1A08A24B00AC79B7 /* SDWebImageManager.m */,
				8E6257301A08A24B00AC79B7 /* SDWebImageManagerDelegate.h */,
				8E6257311A08A24B00AC79B7 /* SDWebImagePrefetcher.h */,
				8E6257321A08A24B00AC79B7 /* SDWebImagePrefetcher.m */,
				8E6257331A08A24B00AC79B7 /* UIButton+WebCache.h */,
				8E6257341A08A24B00AC79B7 /* UIButton+WebCache.m */,
				8E6257351A08A24B00AC79B7 /* UIImageView+WebCache.h */,
				8E6257361A08A24B00AC79B7 /* UIImageView+WebCache.m */,
			);
			path = SDWebImage;
			sourceTree = "<group>";
		};
		8E6257371A08A24B00AC79B7 /* UMeng */ = {
			isa = PBXGroup;
			children = (
				8E6257381A08A24B00AC79B7 /* libMobClickLibrary.a */,
				8E6257391A08A24B00AC79B7 /* MobClick.h */,
			);
			path = UMeng;
			sourceTree = "<group>";
		};
		8E7E901D1A148B5A003C85AC /* Reachability */ = {
			isa = PBXGroup;
			children = (
				8E7E901E1A148B5A003C85AC /* Reachability.h */,
				8E7E901F1A148B5A003C85AC /* Reachability.m */,
			);
			path = Reachability;
			sourceTree = "<group>";
		};
		8E8D75501A1484D900C65840 /* ASIHttpRequest */ = {
			isa = PBXGroup;
			children = (
				8E8D75511A1484D900C65840 /* ASIAuthenticationDialog.h */,
				8E8D75521A1484D900C65840 /* ASIAuthenticationDialog.m */,
				8E8D75531A1484D900C65840 /* ASICacheDelegate.h */,
				8E8D75541A1484D900C65840 /* ASIDataCompressor.h */,
				8E8D75551A1484D900C65840 /* ASIDataCompressor.m */,
				8E8D75561A1484D900C65840 /* ASIDataDecompressor.h */,
				8E8D75571A1484D900C65840 /* ASIDataDecompressor.m */,
				8E8D75581A1484D900C65840 /* ASIDownloadCache.h */,
				8E8D75591A1484D900C65840 /* ASIDownloadCache.m */,
				8E8D755A1A1484D900C65840 /* ASIFormDataRequest.h */,
				8E8D755B1A1484D900C65840 /* ASIFormDataRequest.m */,
				8E8D755C1A1484D900C65840 /* ASIHTTPRequest.h */,
				8E8D755D1A1484D900C65840 /* ASIHTTPRequest.m */,
				8E8D755E1A1484D900C65840 /* ASIHTTPRequestConfig.h */,
				8E8D755F1A1484D900C65840 /* ASIHTTPRequestDelegate.h */,
				8E8D75601A1484D900C65840 /* ASIInputStream.h */,
				8E8D75611A1484D900C65840 /* ASIInputStream.m */,
				8E8D75621A1484D900C65840 /* ASINetworkQueue.h */,
				8E8D75631A1484D900C65840 /* ASINetworkQueue.m */,
				8E8D75641A1484D900C65840 /* ASIProgressDelegate.h */,
				8E8D75651A1484D900C65840 /* ASIWebPageRequest.h */,
				8E8D75661A1484D900C65840 /* ASIWebPageRequest.m */,
				8E8D75671A1484D900C65840 /* WebService */,
			);
			path = ASIHttpRequest;
			sourceTree = "<group>";
		};
		8E8D75671A1484D900C65840 /* WebService */ = {
			isa = PBXGroup;
			children = (
				8E8D75681A1484D900C65840 /* NetWebServiceRequest.h */,
				8E8D75691A1484D900C65840 /* NetWebServiceRequest.m */,
			);
			path = WebService;
			sourceTree = "<group>";
		};
		8E8D75741A14859800C65840 /* XmlParse */ = {
			isa = PBXGroup;
			children = (
				8E8D75751A14859800C65840 /* SoapXmlParseHelper.h */,
				8E8D75761A14859800C65840 /* SoapXmlParseHelper.m */,
			);
			path = XmlParse;
			sourceTree = "<group>";
		};
		8E8D75781A14868F00C65840 /* GDataXMLNode */ = {
			isa = PBXGroup;
			children = (
				8E8D75791A14868F00C65840 /* GDataXMLNode.h */,
				8E8D757A1A14868F00C65840 /* GDataXMLNode.m */,
			);
			path = GDataXMLNode;
			sourceTree = "<group>";
		};
		8E9CDC3C1A08A9B200D78F26 /* ViewController */ = {
			isa = PBXGroup;
			children = (
				8E2C04681A15ACB90086103A /* NaviView */,
				8E57C01B1A13009D000455DA /* SMPageControl.h */,
				8E57C01C1A13009D000455DA /* SMPageControl.m */,
				8E57C0181A130035000455DA /* PicsManageScrollView.h */,
				8E57C0191A130035000455DA /* PicsManageScrollView.m */,
				8E57C00F1A12FFC8000455DA /* ForgetPswViewController.h */,
				8E57C0101A12FFC8000455DA /* ForgetPswViewController.m */,
				8E57C0111A12FFC8000455DA /* LoginViewController.h */,
				8E57C0121A12FFC8000455DA /* LoginViewController.m */,
				8E57C0131A12FFC8000455DA /* RegisterViewController.h */,
				8E57C0141A12FFC8000455DA /* RegisterViewController.m */,
				8E9CDC3D1A08A9B200D78F26 /* JBaseViewController.h */,
				8E9CDC3E1A08A9B200D78F26 /* JBaseViewController.m */,
				8E9CDC431A09BFD300D78F26 /* HomeViewController.h */,
				8E9CDC441A09BFD300D78F26 /* HomeViewController.m */,
				8E57C0211A133B36000455DA /* ServiceListViewController.h */,
				8E57C0221A133B36000455DA /* ServiceListViewController.m */,
				8E57C0241A13447C000455DA /* ServiceListItemCell.h */,
				8E57C0251A13447C000455DA /* ServiceListItemCell.m */,
				8E3B58EE1A19A44500243DEA /* JNaviViewController.h */,
				8E3B58EF1A19A44500243DEA /* JNaviViewController.m */,
			);
			path = ViewController;
			sourceTree = "<group>";
		};
		8E9CDC401A08ABC100D78F26 /* Frameworks */ = {
			isa = PBXGroup;
			children = (
				8E2C04601A1595520086103A /* libz.dylib */,
				8E2C045E1A1595400086103A /* CoreFoundation.framework */,
				8E2C045C1A15951E0086103A /* CFNetwork.framework */,
				8E8D757C1A1486B200C65840 /* libxml2.dylib */,
				8E9CDC411A08ADDE00D78F26 /* libsqlite3.dylib */,
				8E62576C1A08A71F00AC79B7 /* CoreGraphics.framework */,
				8E6257681A08A61400AC79B7 /* UIKit.framework */,
				8E62576A1A08A69900AC79B7 /* Foundation.framework */,
			);
			name = Frameworks;
			path = YuShenPi;
			sourceTree = "<group>";
		};
/* End PBXGroup section */

/* Begin PBXNativeTarget section */
		8E6256A01A08A12100AC79B7 /* YuShenPi */ = {
			isa = PBXNativeTarget;
			buildConfigurationList = 8E6256C41A08A12100AC79B7 /* Build configuration list for PBXNativeTarget "YuShenPi" */;
			buildPhases = (
				8E62569D1A08A12100AC79B7 /* Sources */,
				8E62569E1A08A12100AC79B7 /* Frameworks */,
				8E62569F1A08A12100AC79B7 /* Resources */,
			);
			buildRules = (
			);
			dependencies = (
			);
			name = YuShenPi;
			productName = YuShenPi;
			productReference = 8E6256A11A08A12100AC79B7 /* YuShenPi.app */;
			productType = "com.apple.product-type.application";
		};
/* End PBXNativeTarget section */

/* Begin PBXProject section */
		8E6256991A08A12100AC79B7 /* Project object */ = {
			isa = PBXProject;
			attributes = {
				LastUpgradeCheck = 0610;
				ORGANIZATIONNAME = xieguocheng;
				TargetAttributes = {
					8E6256A01A08A12100AC79B7 = {
						CreatedOnToolsVersion = 6.1;
					};
				};
			};
			buildConfigurationList = 8E62569C1A08A12100AC79B7 /* Build configuration list for PBXProject "YuShenPi" */;
			compatibilityVersion = "Xcode 3.2";
			developmentRegion = English;
			hasScannedForEncodings = 0;
			knownRegions = (
				en,
				Base,
			);
			mainGroup = 8E6256981A08A12100AC79B7;
			productRefGroup = 8E6256A21A08A12100AC79B7 /* Products */;
			projectDirPath = "";
			projectRoot = "";
			targets = (
				8E6256A01A08A12100AC79B7 /* YuShenPi */,
			);
		};
/* End PBXProject section */

/* Begin PBXResourcesBuildPhase section */
		8E62569F1A08A12100AC79B7 /* Resources */ = {
			isa = PBXResourcesBuildPhase;
			buildActionMask = 2147483647;
			files = (
				8E6256B01A08A12100AC79B7 /* Main.storyboard in Resources */,
				8E6256B51A08A12100AC79B7 /* LaunchScreen.xib in Resources */,
				8E6257551A08A24B00AC79B7 /* MJRefresh.bundle in Resources */,
				8E6256B21A08A12100AC79B7 /* Images.xcassets in Resources */,
			);
			runOnlyForDeploymentPostprocessing = 0;
		};
/* End PBXResourcesBuildPhase section */

/* Begin PBXSourcesBuildPhase section */
		8E62569D1A08A12100AC79B7 /* Sources */ = {
			isa = PBXSourcesBuildPhase;
			buildActionMask = 2147483647;
			files = (
				8E6257581A08A24B00AC79B7 /* MJRefreshFooterView.m in Sources */,
				8E57C0171A12FFC8000455DA /* RegisterViewController.m in Sources */,
				8E8D756D1A1484D900C65840 /* ASIDownloadCache.m in Sources */,
				8E6257631A08A24B00AC79B7 /* SDWebImageManager.m in Sources */,
				8E6257591A08A24B00AC79B7 /* MJRefreshHeaderView.m in Sources */,
				8E57C0161A12FFC8000455DA /* LoginViewController.m in Sources */,
				8E62574C1A08A24B00AC79B7 /* UIView+SuperView.m in Sources */,
				8E6257661A08A24B00AC79B7 /* UIImageView+WebCache.m in Sources */,
				8E57C0201A1300D5000455DA /* UIImage+Size.m in Sources */,
				8E8D756E1A1484D900C65840 /* ASIFormDataRequest.m in Sources */,
				8E8D75771A14859800C65840 /* SoapXmlParseHelper.m in Sources */,
				8E62575C1A08A24B00AC79B7 /* UIView+Extension.m in Sources */,
				8E8D75731A1484D900C65840 /* NetWebServiceRequest.m in Sources */,
				8E57C0151A12FFC8000455DA /* ForgetPswViewController.m in Sources */,
				8EF7452F1A0B10DE005B47A8 /* UITextField+LabelAndImage.m in Sources */,
				8E62575A1A08A24B00AC79B7 /* UIScrollView+Extension.m in Sources */,
				8E6257461A08A24B00AC79B7 /* NSData+Base64.m in Sources */,
				8E6256AD1A08A12100AC79B7 /* ViewController.m in Sources */,
				8E6257471A08A24B00AC79B7 /* NSData+UTF_8.m in Sources */,
				8E57C0231A133B36000455DA /* ServiceListViewController.m in Sources */,
				8E6256AA1A08A12100AC79B7 /* AppDelegate.m in Sources */,
				8E6257481A08A24B00AC79B7 /* NSObject+PGPerformSelectorOnMainThreadWithThreeObjects.m in Sources */,
				8E6257491A08A24B00AC79B7 /* NSString+Base64.m in Sources */,
				8E57C01D1A13009D000455DA /* SMPageControl.m in Sources */,
				8E6257511A08A24B00AC79B7 /* FMDatabasePool.m in Sources */,
				8E2C046B1A15ACF00086103A /* NaviView.m in Sources */,
				8E62574F1A08A24B00AC79B7 /* FMDatabase.m in Sources */,
				8E6257601A08A24B00AC79B7 /* SDImageCache.m in Sources */,
				8E62575D1A08A24B00AC79B7 /* OpenUDID.m in Sources */,
				8E57C01A1A130035000455DA /* PicsManageScrollView.m in Sources */,
				8E62575E1A08A24B00AC79B7 /* MBProgressHUD.m in Sources */,
				8E6257541A08A24B00AC79B7 /* GuideViewController.m in Sources */,
				8E6257621A08A24B00AC79B7 /* SDWebImageDownloader.m in Sources */,
				8E8D756B1A1484D900C65840 /* ASIDataCompressor.m in Sources */,
				8E8D756A1A1484D900C65840 /* ASIAuthenticationDialog.m in Sources */,
				8E7E90201A148B5A003C85AC /* Reachability.m in Sources */,
				8E6257561A08A24B00AC79B7 /* MJRefreshBaseView.m in Sources */,
				8E6257521A08A24B00AC79B7 /* FMDatabaseQueue.m in Sources */,
				8E6257531A08A24B00AC79B7 /* FMResultSet.m in Sources */,
				8E3B58F01A19A44500243DEA /* JNaviViewController.m in Sources */,
				8E8D75701A1484D900C65840 /* ASIInputStream.m in Sources */,
				8E6257611A08A24B00AC79B7 /* SDWebImageDecoder.m in Sources */,
				8E8D757B1A14868F00C65840 /* GDataXMLNode.m in Sources */,
				8E62574B1A08A24B00AC79B7 /* UIDevice-Hardware.m in Sources */,
				8E62574D1A08A24B00AC79B7 /* XCommon.m in Sources */,
				8E6257571A08A24B00AC79B7 /* MJRefreshConst.m in Sources */,
				8E6257641A08A24B00AC79B7 /* SDWebImagePrefetcher.m in Sources */,
				8E9CDC451A09BFD300D78F26 /* HomeViewController.m in Sources */,
				8E9CDC3F1A08A9B200D78F26 /* JBaseViewController.m in Sources */,
				8E6256A71A08A12100AC79B7 /* main.m in Sources */,
				8E62575F1A08A24B00AC79B7 /* MKAnnotationView+WebCache.m in Sources */,
				8E8D756C1A1484D900C65840 /* ASIDataDecompressor.m in Sources */,
				8E6257501A08A24B00AC79B7 /* FMDatabaseAdditions.m in Sources */,
				8E62574A1A08A24B00AC79B7 /* Toast+UIView.m in Sources */,
				8E8D75721A1484D900C65840 /* ASIWebPageRequest.m in Sources */,
				8E8D75711A1484D900C65840 /* ASINetworkQueue.m in Sources */,
				8E62575B1A08A24B00AC79B7 /* UIScrollView+MJRefresh.m in Sources */,
				8E57C0261A13447C000455DA /* ServiceListItemCell.m in Sources */,
				8E6257651A08A24B00AC79B7 /* UIButton+WebCache.m in Sources */,
				8E8D756F1A1484D900C65840 /* ASIHTTPRequest.m in Sources */,
			);
			runOnlyForDeploymentPostprocessing = 0;
		};
/* End PBXSourcesBuildPhase section */

/* Begin PBXVariantGroup section */
		8E6256AE1A08A12100AC79B7 /* Main.storyboard */ = {
			isa = PBXVariantGroup;
			children = (
				8E6256AF1A08A12100AC79B7 /* Base */,
			);
			name = Main.storyboard;
			sourceTree = "<group>";
		};
		8E6256B31A08A12100AC79B7 /* LaunchScreen.xib */ = {
			isa = PBXVariantGroup;
			children = (
				8E6256B41A08A12100AC79B7 /* Base */,
			);
			name = LaunchScreen.xib;
			sourceTree = "<group>";
		};
/* End PBXVariantGroup section */

/* Begin XCBuildConfiguration section */
		8E6256C21A08A12100AC79B7 /* Debug */ = {
			isa = XCBuildConfiguration;
			buildSettings = {
				ALWAYS_SEARCH_USER_PATHS = NO;
				CLANG_CXX_LANGUAGE_STANDARD = "gnu++0x";
				CLANG_CXX_LIBRARY = "libc++";
				CLANG_ENABLE_MODULES = YES;
				CLANG_ENABLE_OBJC_ARC = YES;
				CLANG_WARN_BOOL_CONVERSION = YES;
				CLANG_WARN_CONSTANT_CONVERSION = YES;
				CLANG_WARN_DIRECT_OBJC_ISA_USAGE = YES_ERROR;
				CLANG_WARN_EMPTY_BODY = YES;
				CLANG_WARN_ENUM_CONVERSION = YES;
				CLANG_WARN_INT_CONVERSION = YES;
				CLANG_WARN_OBJC_ROOT_CLASS = YES_ERROR;
				CLANG_WARN_UNREACHABLE_CODE = YES;
				CLANG_WARN__DUPLICATE_METHOD_MATCH = YES;
				"CODE_SIGN_IDENTITY[sdk=iphoneos*]" = "iPhone Developer";
				COPY_PHASE_STRIP = NO;
				ENABLE_STRICT_OBJC_MSGSEND = YES;
				GCC_C_LANGUAGE_STANDARD = gnu99;
				GCC_DYNAMIC_NO_PIC = NO;
				GCC_OPTIMIZATION_LEVEL = 0;
				GCC_PREPROCESSOR_DEFINITIONS = (
					"DEBUG=1",
					"$(inherited)",
				);
				GCC_SYMBOLS_PRIVATE_EXTERN = NO;
				GCC_WARN_64_TO_32_BIT_CONVERSION = YES;
				GCC_WARN_ABOUT_RETURN_TYPE = YES_ERROR;
				GCC_WARN_UNDECLARED_SELECTOR = YES;
				GCC_WARN_UNINITIALIZED_AUTOS = YES_AGGRESSIVE;
				GCC_WARN_UNUSED_FUNCTION = YES;
				GCC_WARN_UNUSED_VARIABLE = YES;
				IPHONEOS_DEPLOYMENT_TARGET = 8.1;
				MTL_ENABLE_DEBUG_INFO = YES;
				ONLY_ACTIVE_ARCH = YES;
				SDKROOT = iphoneos;
			};
			name = Debug;
		};
		8E6256C31A08A12100AC79B7 /* Release */ = {
			isa = XCBuildConfiguration;
			buildSettings = {
				ALWAYS_SEARCH_USER_PATHS = NO;
				CLANG_CXX_LANGUAGE_STANDARD = "gnu++0x";
				CLANG_CXX_LIBRARY = "libc++";
				CLANG_ENABLE_MODULES = YES;
				CLANG_ENABLE_OBJC_ARC = YES;
				CLANG_WARN_BOOL_CONVERSION = YES;
				CLANG_WARN_CONSTANT_CONVERSION = YES;
				CLANG_WARN_DIRECT_OBJC_ISA_USAGE = YES_ERROR;
				CLANG_WARN_EMPTY_BODY = YES;
				CLANG_WARN_ENUM_CONVERSION = YES;
				CLANG_WARN_INT_CONVERSION = YES;
				CLANG_WARN_OBJC_ROOT_CLASS = YES_ERROR;
				CLANG_WARN_UNREACHABLE_CODE = YES;
				CLANG_WARN__DUPLICATE_METHOD_MATCH = YES;
				"CODE_SIGN_IDENTITY[sdk=iphoneos*]" = "iPhone Developer";
				COPY_PHASE_STRIP = YES;
				ENABLE_NS_ASSERTIONS = NO;
				ENABLE_STRICT_OBJC_MSGSEND = YES;
				GCC_C_LANGUAGE_STANDARD = gnu99;
				GCC_WARN_64_TO_32_BIT_CONVERSION = YES;
				GCC_WARN_ABOUT_RETURN_TYPE = YES_ERROR;
				GCC_WARN_UNDECLARED_SELECTOR = YES;
				GCC_WARN_UNINITIALIZED_AUTOS = YES_AGGRESSIVE;
				GCC_WARN_UNUSED_FUNCTION = YES;
				GCC_WARN_UNUSED_VARIABLE = YES;
				IPHONEOS_DEPLOYMENT_TARGET = 8.1;
				MTL_ENABLE_DEBUG_INFO = NO;
				SDKROOT = iphoneos;
				VALIDATE_PRODUCT = YES;
			};
			name = Release;
		};
		8E6256C51A08A12100AC79B7 /* Debug */ = {
			isa = XCBuildConfiguration;
			buildSettings = {
				ASSETCATALOG_COMPILER_APPICON_NAME = AppIcon;
				ENABLE_STRICT_OBJC_MSGSEND = NO;
				HEADER_SEARCH_PATHS = (
					"$(inherited)",
					/Applications/Xcode.app/Contents/Developer/Toolchains/XcodeDefault.xctoolchain/usr/include,
					/usr/include/libxml2,
				);
				INFOPLIST_FILE = YuShenPi/Info.plist;
				IPHONEOS_DEPLOYMENT_TARGET = 6.0;
				LD_RUNPATH_SEARCH_PATHS = "$(inherited) @executable_path/Frameworks";
				LIBRARY_SEARCH_PATHS = (
					"$(inherited)",
					"$(PROJECT_DIR)/YuShenPi/Lib/UMeng",
				);
				PRODUCT_NAME = YuShenPi;
				VALID_ARCHS = "armv7 armv7s";
			};
			name = Debug;
		};
		8E6256C61A08A12100AC79B7 /* Release */ = {
			isa = XCBuildConfiguration;
			buildSettings = {
				ASSETCATALOG_COMPILER_APPICON_NAME = AppIcon;
				ENABLE_STRICT_OBJC_MSGSEND = NO;
				HEADER_SEARCH_PATHS = (
					"$(inherited)",
					/Applications/Xcode.app/Contents/Developer/Toolchains/XcodeDefault.xctoolchain/usr/include,
					/usr/include/libxml2,
				);
				INFOPLIST_FILE = YuShenPi/Info.plist;
				IPHONEOS_DEPLOYMENT_TARGET = 6.0;
				LD_RUNPATH_SEARCH_PATHS = "$(inherited) @executable_path/Frameworks";
				LIBRARY_SEARCH_PATHS = (
					"$(inherited)",
					"$(PROJECT_DIR)/YuShenPi/Lib/UMeng",
				);
				PRODUCT_NAME = YuShenPi;
				VALID_ARCHS = "armv7 armv7s";
			};
			name = Release;
		};
/* End XCBuildConfiguration section */

/* Begin XCConfigurationList section */
		8E62569C1A08A12100AC79B7 /* Build configuration list for PBXProject "YuShenPi" */ = {
			isa = XCConfigurationList;
			buildConfigurations = (
				8E6256C21A08A12100AC79B7 /* Debug */,
				8E6256C31A08A12100AC79B7 /* Release */,
			);
			defaultConfigurationIsVisible = 0;
			defaultConfigurationName = Release;
		};
		8E6256C41A08A12100AC79B7 /* Build configuration list for PBXNativeTarget "YuShenPi" */ = {
			isa = XCConfigurationList;
			buildConfigurations = (
				8E6256C51A08A12100AC79B7 /* Debug */,
				8E6256C61A08A12100AC79B7 /* Release */,
			);
			defaultConfigurationIsVisible = 0;
			defaultConfigurationName = Release;
		};
/* End XCConfigurationList section */
	};
	rootObject = 8E6256991A08A12100AC79B7 /* Project object */;
}
